<?xml version="1.0" encoding="utf-8"?>
<Project ToolsVersion="4.0" xmlns="http://schemas.microsoft.com/developer/msbuild/2003">
  <ItemGroup>
    <Filter Include="File di intestazione">
      <UniqueIdentifier>{93995380-89BD-4b04-88EB-625FBE52EBFB}</UniqueIdentifier>
      <Extensions>h;hh;hpp;hxx;h++;hm;inl;inc;ipp;xsd</Extensions>
    </Filter>
    <Filter Include="File di origine">
      <UniqueIdentifier>{4FC737F1-C7A5-4376-A066-2A32D752A2FF}</UniqueIdentifier>
      <Extensions>cpp;c;cc;cxx;c++;cppm;ixx;def;odl;idl;hpj;bat;asm;asmx</Extensions>
    </Filter>
    <Filter Include="File di origine\ImGui">
      <UniqueIdentifier>{81f0cc91-4b0e-4dc2-b403-aa91c7973755}</UniqueIdentifier>
    </Filter>
    <Filter Include="File di origine\ImGui\opengl3">
      <UniqueIdentifier>{56705a4f-08de-43d9-a05f-6fc97994e70a}</UniqueIdentifier>
    </Filter>
    <Filter Include="File di risorse">
      <UniqueIdentifier>{67DA6AB6-F800-4c08-8B7A-83BB121AAD01}</UniqueIdentifier>
      <Extensions>rc;ico;cur;bmp;dlg;rc2;rct;bin;rgs;gif;jpg;jpeg;jpe;resx;tiff;tif;png;wav;mfcribbon-ms</Extensions>
    </Filter>
    <Filter Include="File di origine\GraphicEngine">
      <UniqueIdentifier>{bfb1a117-60e8-4357-baa7-af2c9b86f8a1}</UniqueIdentifier>
    </Filter>
    <Filter Include="File di origine\WidgetControl">
      <UniqueIdentifier>{9c089f0b-f885-4ceb-b690-9368053c0068}</UniqueIdentifier>
    </Filter>
    <Filter Include="File di origine\NodeEditorWidget">
      <UniqueIdentifier>{7858873e-4d09-4feb-b7f0-d64c29d7e03c}</UniqueIdentifier>
    </Filter>
    <Filter Include="File di origine\ControllerAudioRouting">
      <UniqueIdentifier>{a2c4c606-f80d-4c2c-baaf-43c2e9662978}</UniqueIdentifier>
    </Filter>
    <Filter Include="File di origine\ModelAudioRouting">
      <UniqueIdentifier>{29acd7ef-e639-4144-b693-bb251aab0285}</UniqueIdentifier>
    </Filter>
    <Filter Include="File di origine\AudioManager">
      <UniqueIdentifier>{0e5ceb99-9d8b-4b5e-a7f5-6fd4c75d77fb}</UniqueIdentifier>
    </Filter>
    <Filter Include="File di origine\AudioDevice">
      <UniqueIdentifier>{b7b4c38b-5b79-4c78-8eca-81d00ea02128}</UniqueIdentifier>
    </Filter>
    <Filter Include="File di origine\AudioSession">
      <UniqueIdentifier>{aec80d1e-e3f1-4518-b347-dd1bab9acedb}</UniqueIdentifier>
    </Filter>
    <Filter Include="File di origine\AudioProcess">
      <UniqueIdentifier>{7d6a4a2a-1a39-40de-995d-79a4135b57c7}</UniqueIdentifier>
    </Filter>
  </ItemGroup>
  <ItemGroup>
    <ClCompile Include="win-audio-routing.cpp">
      <Filter>File di origine</Filter>
    </ClCompile>
    <ClCompile Include="..\Dependency\imgui\imgui.cpp">
      <Filter>File di origine\ImGui</Filter>
    </ClCompile>
    <ClCompile Include="..\Dependency\imgui\imgui_demo.cpp">
      <Filter>File di origine\ImGui</Filter>
    </ClCompile>
    <ClCompile Include="..\Dependency\imgui\imgui_draw.cpp">
      <Filter>File di origine\ImGui</Filter>
    </ClCompile>
    <ClCompile Include="..\Dependency\imgui\imgui_tables.cpp">
      <Filter>File di origine\ImGui</Filter>
    </ClCompile>
    <ClCompile Include="..\Dependency\imgui\imgui_widgets.cpp">
      <Filter>File di origine\ImGui</Filter>
    </ClCompile>
    <ClCompile Include="..\Dependency\imgui\backends\imgui_impl_opengl3.cpp">
      <Filter>File di origine\ImGui\opengl3</Filter>
    </ClCompile>
    <ClCompile Include="..\Dependency\imgui\backends\imgui_impl_sdl3.cpp">
      <Filter>File di origine\ImGui\opengl3</Filter>
    </ClCompile>
    <ClCompile Include="GraphicEngine\graphicEngine.cpp">
      <Filter>File di origine\GraphicEngine</Filter>
    </ClCompile>
    <ClCompile Include="NodeEditorWidget\NodeEditorWidget.cpp">
      <Filter>File di origine\NodeEditorWidget</Filter>
    </ClCompile>
    <ClCompile Include="WidgetControl\WidgetControl.cpp">
      <Filter>File di origine\WidgetControl</Filter>
    </ClCompile>
    <ClCompile Include="ControllerAudioRouting\ControllerAudioRouting.cpp">
      <Filter>File di origine\ControllerAudioRouting</Filter>
    </ClCompile>
    <ClCompile Include="ModelAudioRouting\ModelAudioRouting.cpp">
      <Filter>File di origine\ModelAudioRouting</Filter>
    </ClCompile>
    <ClCompile Include="AudioManager\AudioManager.cpp">
      <Filter>File di origine\AudioManager</Filter>
    </ClCompile>
    <ClCompile Include="AudioDevice\AudioDevice.cpp">
      <Filter>File di origine\AudioDevice</Filter>
    </ClCompile>
    <ClCompile Include="AudioSession\AudioSession.cpp">
      <Filter>File di origine\AudioSession</Filter>
    </ClCompile>
    <ClCompile Include="AudioProcess\AudioProcess.cpp">
      <Filter>File di origine\AudioProcess</Filter>
    </ClCompile>
  </ItemGroup>
  <ItemGroup>
    <ClInclude Include="..\Dependency\imgui\imgui.h">
      <Filter>File di origine\ImGui</Filter>
    </ClInclude>
    <ClInclude Include="..\Dependency\imgui\imconfig.h">
      <Filter>File di origine\ImGui</Filter>
    </ClInclude>
    <ClInclude Include="..\Dependency\imgui\imgui_internal.h">
      <Filter>File di origine\ImGui</Filter>
    </ClInclude>
    <ClInclude Include="..\Dependency\imgui\imstb_rectpack.h">
      <Filter>File di origine\ImGui</Filter>
    </ClInclude>
    <ClInclude Include="..\Dependency\imgui\imstb_textedit.h">
      <Filter>File di origine\ImGui</Filter>
    </ClInclude>
    <ClInclude Include="..\Dependency\imgui\imstb_truetype.h">
      <Filter>File di origine\ImGui</Filter>
    </ClInclude>
    <ClInclude Include="..\Dependency\imgui\backends\imgui_impl_opengl3.h">
      <Filter>File di origine\ImGui\opengl3</Filter>
    </ClInclude>
    <ClInclude Include="..\Dependency\imgui\backends\imgui_impl_sdl3.h">
      <Filter>File di origine\ImGui\opengl3</Filter>
    </ClInclude>
    <ClInclude Include="GraphicEngine\graphicEngine.h">
      <Filter>File di origine\GraphicEngine</Filter>
    </ClInclude>
    <ClInclude Include="pch.h">
      <Filter>File di origine</Filter>
    </ClInclude>
    <ClInclude Include="win-audio-routing.h">
      <Filter>File di origine</Filter>
    </ClInclude>
    <ClInclude Include="WidgetControl\WidgetControl.h">
      <Filter>File di origine\WidgetControl</Filter>
    </ClInclude>
    <ClInclude Include="NodeEditorWidget\NodeEditorWidget.h">
      <Filter>File di origine\NodeEditorWidget</Filter>
    </ClInclude>
    <ClInclude Include="ControllerAudioRouting\ControllerAudioRouting.h">
      <Filter>File di origine\ControllerAudioRouting</Filter>
    </ClInclude>
    <ClInclude Include="ModelAudioRouting\ModelAudioRouting.h">
      <Filter>File di origine\ModelAudioRouting</Filter>
    </ClInclude>
    <ClInclude Include="AudioManager\AudioManager.h">
      <Filter>File di origine\AudioManager</Filter>
    </ClInclude>
    <ClInclude Include="AudioDevice\AudioDevice.h">
      <Filter>File di origine\AudioDevice</Filter>
    </ClInclude>
    <ClInclude Include="AudioSession\AudioSession.h">
      <Filter>File di origine\AudioSession</Filter>
    </ClInclude>
    <ClInclude Include="AudioProcess\AudioProcess.h">
      <Filter>File di origine\AudioProcess</Filter>
    </ClInclude>
  </ItemGroup>
</Project>